
Microsoft Visual Studio Solution File, Format Version 12.00
# Visual Studio 15
VisualStudioVersion = 15.0.27004.2005
MinimumVisualStudioVersion = 10.0.40219.1
Project("{FAE04EC0-301F-11D3-BF4B-00C04F79EFBC}") = "PersonLibrary", "PersonLibrary\PersonLibrary.csproj", "{F1E4C1DF-2A6A-40A4-A156-63B1A9B1FCE5}"
EndProject
Project("{FAE04EC0-301F-11D3-BF4B-00C04F79EFBC}") = "PersonTester", "PerxonTester\PersonTester.csproj", "{0DAD9B13-828F-4370-8AF9-6FCC504BC835}"
EndProject
Project("{FAE04EC0-301F-11D3-BF4B-00C04F79EFBC}") = "DelegateDemo", "DelegateDemo\DelegateDemo.csproj", "{BE0EAD38-80E8-483F-8755-9C962C3BABD7}"
EndProject
Project("{FAE04EC0-301F-11D3-BF4B-00C04F79EFBC}") = "GretterDemo", "GretterDemo\GretterDemo.csproj", "{15C2EAA5-B131-4AD7-A7CF-85994D1B33D2}"
EndProject
Project("{FAE04EC0-301F-11D3-BF4B-00C04F79EFBC}") = "WindowsForm", "WindowsForm\WindowsForm.csproj", "{8E44F674-32D7-48F0-886A-6CE03083C17A}"
EndProject
Project("{FAE04EC0-301F-11D3-BF4B-00C04F79EFBC}") = "AllLayouts", "AllLayouts\AllLayouts.csproj", "{9AC5A549-952A-46AD-B72E-56159BA7614E}"
EndProject
Project("{FAE04EC0-301F-11D3-BF4B-00C04F79EFBC}") = "Wk03_UserControl", "Wk03_UserControl\Wk03_UserControl.csproj", "{387E0D5E-E661-4112-9834-43C552502F59}"
EndProject
Project("{FAE04EC0-301F-11D3-BF4B-00C04F79EFBC}") = "Wk03_dataBinding", "Wk03_dataBinding\Wk03_dataBinding.csproj", "{500406B7-CF0D-48BF-9E5D-9C3864770370}"
EndProject
Project("{FAE04EC0-301F-11D3-BF4B-00C04F79EFBC}") = "Wk05_Lab01", "Wk05_Lab01\Wk05_Lab01.csproj", "{29400574-97B9-4DF8-BF22-FB2E19069589}"
EndProject
Project("{FAE04EC0-301F-11D3-BF4B-00C04F79EFBC}") = "wk05_Lab02", "wk05_Lab02\wk05_Lab02.csproj", "{EF501E83-F8F8-47E7-9544-96AA3EB97CF8}"
EndProject
Project("{FAE04EC0-301F-11D3-BF4B-00C04F79EFBC}") = "wk05_tutorial", "wk05_tutorial\wk05_tutorial.csproj", "{3BFC6C50-3DA6-466E-8C76-4D0D6CAD9074}"
EndProject
Project("{FAE04EC0-301F-11D3-BF4B-00C04F79EFBC}") = "LinqPractice", "LinqPractice\LinqPractice.csproj", "{96E5F624-7026-4C10-9585-0B96C068DA02}"
EndProject
Global
	GlobalSection(SolutionConfigurationPlatforms) = preSolution
		Debug|Any CPU = Debug|Any CPU
		Release|Any CPU = Release|Any CPU
	EndGlobalSection
	GlobalSection(ProjectConfigurationPlatforms) = postSolution
		{F1E4C1DF-2A6A-40A4-A156-63B1A9B1FCE5}.Debug|Any CPU.ActiveCfg = Debug|Any CPU
		{F1E4C1DF-2A6A-40A4-A156-63B1A9B1FCE5}.Debug|Any CPU.Build.0 = Debug|Any CPU
		{F1E4C1DF-2A6A-40A4-A156-63B1A9B1FCE5}.Release|Any CPU.ActiveCfg = Release|Any CPU
		{F1E4C1DF-2A6A-40A4-A156-63B1A9B1FCE5}.Release|Any CPU.Build.0 = Release|Any CPU
		{0DAD9B13-828F-4370-8AF9-6FCC504BC835}.Debug|Any CPU.ActiveCfg = Debug|Any CPU
		{0DAD9B13-828F-4370-8AF9-6FCC504BC835}.Debug|Any CPU.Build.0 = Debug|Any CPU
		{0DAD9B13-828F-4370-8AF9-6FCC504BC835}.Release|Any CPU.ActiveCfg = Release|Any CPU
		{0DAD9B13-828F-4370-8AF9-6FCC504BC835}.Release|Any CPU.Build.0 = Release|Any CPU
		{BE0EAD38-80E8-483F-8755-9C962C3BABD7}.Debug|Any CPU.ActiveCfg = Debug|Any CPU
		{BE0EAD38-80E8-483F-8755-9C962C3BABD7}.Debug|Any CPU.Build.0 = Debug|Any CPU
		{BE0EAD38-80E8-483F-8755-9C962C3BABD7}.Release|Any CPU.ActiveCfg = Release|Any CPU
		{BE0EAD38-80E8-483F-8755-9C962C3BABD7}.Release|Any CPU.Build.0 = Release|Any CPU
		{15C2EAA5-B131-4AD7-A7CF-85994D1B33D2}.Debug|Any CPU.ActiveCfg = Debug|Any CPU
		{15C2EAA5-B131-4AD7-A7CF-85994D1B33D2}.Debug|Any CPU.Build.0 = Debug|Any CPU
		{15C2EAA5-B131-4AD7-A7CF-85994D1B33D2}.Release|Any CPU.ActiveCfg = Release|Any CPU
		{15C2EAA5-B131-4AD7-A7CF-85994D1B33D2}.Release|Any CPU.Build.0 = Release|Any CPU
		{8E44F674-32D7-48F0-886A-6CE03083C17A}.Debug|Any CPU.ActiveCfg = Debug|Any CPU
		{8E44F674-32D7-48F0-886A-6CE03083C17A}.Debug|Any CPU.Build.0 = Debug|Any CPU
		{8E44F674-32D7-48F0-886A-6CE03083C17A}.Release|Any CPU.ActiveCfg = Release|Any CPU
		{8E44F674-32D7-48F0-886A-6CE03083C17A}.Release|Any CPU.Build.0 = Release|Any CPU
		{9AC5A549-952A-46AD-B72E-56159BA7614E}.Debug|Any CPU.ActiveCfg = Debug|Any CPU
		{9AC5A549-952A-46AD-B72E-56159BA7614E}.Debug|Any CPU.Build.0 = Debug|Any CPU
		{9AC5A549-952A-46AD-B72E-56159BA7614E}.Release|Any CPU.ActiveCfg = Release|Any CPU
		{9AC5A549-952A-46AD-B72E-56159BA7614E}.Release|Any CPU.Build.0 = Release|Any CPU
		{387E0D5E-E661-4112-9834-43C552502F59}.Debug|Any CPU.ActiveCfg = Debug|Any CPU
		{387E0D5E-E661-4112-9834-43C552502F59}.Debug|Any CPU.Build.0 = Debug|Any CPU
		{387E0D5E-E661-4112-9834-43C552502F59}.Release|Any CPU.ActiveCfg = Release|Any CPU
		{387E0D5E-E661-4112-9834-43C552502F59}.Release|Any CPU.Build.0 = Release|Any CPU
		{500406B7-CF0D-48BF-9E5D-9C3864770370}.Debug|Any CPU.ActiveCfg = Debug|Any CPU
		{500406B7-CF0D-48BF-9E5D-9C3864770370}.Debug|Any CPU.Build.0 = Debug|Any CPU
		{500406B7-CF0D-48BF-9E5D-9C3864770370}.Release|Any CPU.ActiveCfg = Release|Any CPU
		{500406B7-CF0D-48BF-9E5D-9C3864770370}.Release|Any CPU.Build.0 = Release|Any CPU
		{29400574-97B9-4DF8-BF22-FB2E19069589}.Debug|Any CPU.ActiveCfg = Debug|Any CPU
		{29400574-97B9-4DF8-BF22-FB2E19069589}.Debug|Any CPU.Build.0 = Debug|Any CPU
		{29400574-97B9-4DF8-BF22-FB2E19069589}.Release|Any CPU.ActiveCfg = Release|Any CPU
		{29400574-97B9-4DF8-BF22-FB2E19069589}.Release|Any CPU.Build.0 = Release|Any CPU
		{EF501E83-F8F8-47E7-9544-96AA3EB97CF8}.Debug|Any CPU.ActiveCfg = Debug|Any CPU
		{EF501E83-F8F8-47E7-9544-96AA3EB97CF8}.Debug|Any CPU.Build.0 = Debug|Any CPU
		{EF501E83-F8F8-47E7-9544-96AA3EB97CF8}.Release|Any CPU.ActiveCfg = Release|Any CPU
		{EF501E83-F8F8-47E7-9544-96AA3EB97CF8}.Release|Any CPU.Build.0 = Release|Any CPU
		{3BFC6C50-3DA6-466E-8C76-4D0D6CAD9074}.Debug|Any CPU.ActiveCfg = Debug|Any CPU
		{3BFC6C50-3DA6-466E-8C76-4D0D6CAD9074}.Debug|Any CPU.Build.0 = Debug|Any CPU
		{3BFC6C50-3DA6-466E-8C76-4D0D6CAD9074}.Release|Any CPU.ActiveCfg = Release|Any CPU
		{3BFC6C50-3DA6-466E-8C76-4D0D6CAD9074}.Release|Any CPU.Build.0 = Release|Any CPU
		{96E5F624-7026-4C10-9585-0B96C068DA02}.Debug|Any CPU.ActiveCfg = Debug|Any CPU
		{96E5F624-7026-4C10-9585-0B96C068DA02}.Debug|Any CPU.Build.0 = Debug|Any CPU
		{96E5F624-7026-4C10-9585-0B96C068DA02}.Release|Any CPU.ActiveCfg = Release|Any CPU
		{96E5F624-7026-4C10-9585-0B96C068DA02}.Release|Any CPU.Build.0 = Release|Any CPU
	EndGlobalSection
	GlobalSection(SolutionProperties) = preSolution
		HideSolutionNode = FALSE
	EndGlobalSection
	GlobalSection(ExtensibilityGlobals) = postSolution
		SolutionGuid = {88F2AC72-F8AD-4E88-A390-7E777993D047}
	EndGlobalSection
EndGlobal
